Microsoft Visual Studio Solution File, Format Version 12.00
# Visual Studio 15
VisualStudioVersion = 15.0.27428.2027
MinimumVisualStudioVersion = 10.0.40219.1
Project("{2150E333-8FDC-42A3-9474-1A3956D46DE8}") = ".nuget", ".nuget", "{4D613AC3-62CC-4DB4-94F8-ECC1FE51E53A}"
	ProjectSection(SolutionItems) = preProject
		.nuget\NuGet.Config = .nuget\NuGet.Config
		.nuget\NuGet.exe = .nuget\NuGet.exe
	EndProjectSection
EndProject
Project("{FAE04EC0-301F-11D3-BF4B-00C04F79EFBC}") = "RumbleApp.iPhone", "RumbleApp.iOS\RumbleApp.iPhone.csproj", "{D324E8B0-239F-4A4B-A64C-672AE8CC8A31}"
EndProject
Project("{FAE04EC0-301F-11D3-BF4B-00C04F79EFBC}") = "RumbleApp.Droid", "RumbleApp.Droid\RumbleApp.Droid.csproj", "{48866827-99FE-4829-98CC-484FF364F716}"
EndProject
Project("{2150E333-8FDC-42A3-9474-1A3956D46DE8}") = "Database", "Database", "{C327F07F-6E0E-45D5-9A0D-5BF50D33A82B}"
EndProject
Project("{FAE04EC0-301F-11D3-BF4B-00C04F79EFBC}") = "RumbleApp.Models", "RumbleApp.Models\RumbleApp.Models.csproj", "{D0889098-6440-4205-9874-AAE099F5C0A6}"
EndProject
Project("{FAE04EC0-301F-11D3-BF4B-00C04F79EFBC}") = "RumbleApp.Api", "RumbleApp.Api\RumbleApp.Api.csproj", "{8981E0A3-9247-47DE-9928-F8348AEA1E91}"
EndProject
Project("{9A19103F-16F7-4668-BE54-9A1E7A4F7556}") = "RumbleApp.Core", "RumbleApp.Core\RumbleApp.Core.csproj", "{01356225-14B3-4E6E-859A-527CDDD8E518}"
EndProject
Global
	GlobalSection(SolutionConfigurationPlatforms) = preSolution
		Ad-Hoc|Any CPU = Ad-Hoc|Any CPU
		Ad-Hoc|iPhone = Ad-Hoc|iPhone
		Ad-Hoc|iPhoneSimulator = Ad-Hoc|iPhoneSimulator
		Ad-Hoc|Mixed Platforms = Ad-Hoc|Mixed Platforms
		AppStore|Any CPU = AppStore|Any CPU
		AppStore|iPhone = AppStore|iPhone
		AppStore|iPhoneSimulator = AppStore|iPhoneSimulator
		AppStore|Mixed Platforms = AppStore|Mixed Platforms
		Debug|Any CPU = Debug|Any CPU
		Debug|iPhone = Debug|iPhone
		Debug|iPhoneSimulator = Debug|iPhoneSimulator
		Debug|Mixed Platforms = Debug|Mixed Platforms
		Release|Any CPU = Release|Any CPU
		Release|iPhone = Release|iPhone
		Release|iPhoneSimulator = Release|iPhoneSimulator
		Release|Mixed Platforms = Release|Mixed Platforms
	EndGlobalSection
	GlobalSection(ProjectConfigurationPlatforms) = postSolution
		{D324E8B0-239F-4A4B-A64C-672AE8CC8A31}.Ad-Hoc|Any CPU.ActiveCfg = Ad-Hoc|iPhone
		{D324E8B0-239F-4A4B-A64C-672AE8CC8A31}.Ad-Hoc|iPhone.ActiveCfg = Ad-Hoc|iPhone
		{D324E8B0-239F-4A4B-A64C-672AE8CC8A31}.Ad-Hoc|iPhone.Build.0 = Ad-Hoc|iPhone
		{D324E8B0-239F-4A4B-A64C-672AE8CC8A31}.Ad-Hoc|iPhoneSimulator.ActiveCfg = Ad-Hoc|iPhoneSimulator
		{D324E8B0-239F-4A4B-A64C-672AE8CC8A31}.Ad-Hoc|iPhoneSimulator.Build.0 = Ad-Hoc|iPhoneSimulator
		{D324E8B0-239F-4A4B-A64C-672AE8CC8A31}.Ad-Hoc|Mixed Platforms.ActiveCfg = Ad-Hoc|iPhone
		{D324E8B0-239F-4A4B-A64C-672AE8CC8A31}.Ad-Hoc|Mixed Platforms.Build.0 = Ad-Hoc|iPhone
		{D324E8B0-239F-4A4B-A64C-672AE8CC8A31}.AppStore|Any CPU.ActiveCfg = AppStore|iPhone
		{D324E8B0-239F-4A4B-A64C-672AE8CC8A31}.AppStore|iPhone.ActiveCfg = AppStore|iPhone
		{D324E8B0-239F-4A4B-A64C-672AE8CC8A31}.AppStore|iPhone.Build.0 = AppStore|iPhone
		{D324E8B0-239F-4A4B-A64C-672AE8CC8A31}.AppStore|iPhoneSimulator.ActiveCfg = AppStore|iPhoneSimulator
		{D324E8B0-239F-4A4B-A64C-672AE8CC8A31}.AppStore|iPhoneSimulator.Build.0 = AppStore|iPhoneSimulator
		{D324E8B0-239F-4A4B-A64C-672AE8CC8A31}.AppStore|Mixed Platforms.ActiveCfg = AppStore|iPhone
		{D324E8B0-239F-4A4B-A64C-672AE8CC8A31}.AppStore|Mixed Platforms.Build.0 = AppStore|iPhone
		{D324E8B0-239F-4A4B-A64C-672AE8CC8A31}.Debug|Any CPU.ActiveCfg = Debug|iPhone
		{D324E8B0-239F-4A4B-A64C-672AE8CC8A31}.Debug|iPhone.ActiveCfg = Debug|iPhone
		{D324E8B0-239F-4A4B-A64C-672AE8CC8A31}.Debug|iPhone.Build.0 = Debug|iPhone
		{D324E8B0-239F-4A4B-A64C-672AE8CC8A31}.Debug|iPhone.Deploy.0 = Debug|iPhone
		{D324E8B0-239F-4A4B-A64C-672AE8CC8A31}.Debug|iPhoneSimulator.ActiveCfg = Debug|iPhoneSimulator
		{D324E8B0-239F-4A4B-A64C-672AE8CC8A31}.Debug|iPhoneSimulator.Build.0 = Debug|iPhoneSimulator
		{D324E8B0-239F-4A4B-A64C-672AE8CC8A31}.Debug|Mixed Platforms.ActiveCfg = Debug|iPhone
		{D324E8B0-239F-4A4B-A64C-672AE8CC8A31}.Debug|Mixed Platforms.Build.0 = Debug|iPhone
		{D324E8B0-239F-4A4B-A64C-672AE8CC8A31}.Release|Any CPU.ActiveCfg = Release|iPhone
		{D324E8B0-239F-4A4B-A64C-672AE8CC8A31}.Release|Any CPU.Build.0 = Release|iPhone
		{D324E8B0-239F-4A4B-A64C-672AE8CC8A31}.Release|iPhone.ActiveCfg = Release|iPhone
		{D324E8B0-239F-4A4B-A64C-672AE8CC8A31}.Release|iPhone.Build.0 = Release|iPhone
		{D324E8B0-239F-4A4B-A64C-672AE8CC8A31}.Release|iPhoneSimulator.ActiveCfg = Release|iPhoneSimulator
		{D324E8B0-239F-4A4B-A64C-672AE8CC8A31}.Release|iPhoneSimulator.Build.0 = Release|iPhoneSimulator
		{D324E8B0-239F-4A4B-A64C-672AE8CC8A31}.Release|Mixed Platforms.ActiveCfg = Release|iPhone
		{D324E8B0-239F-4A4B-A64C-672AE8CC8A31}.Release|Mixed Platforms.Build.0 = Release|iPhone
		{48866827-99FE-4829-98CC-484FF364F716}.Ad-Hoc|Any CPU.ActiveCfg = Release|Any CPU
		{48866827-99FE-4829-98CC-484FF364F716}.Ad-Hoc|Any CPU.Build.0 = Release|Any CPU
		{48866827-99FE-4829-98CC-484FF364F716}.Ad-Hoc|Any CPU.Deploy.0 = Release|Any CPU
		{48866827-99FE-4829-98CC-484FF364F716}.Ad-Hoc|iPhone.ActiveCfg = Release|Any CPU
		{48866827-99FE-4829-98CC-484FF364F716}.Ad-Hoc|iPhone.Build.0 = Release|Any CPU
		{48866827-99FE-4829-98CC-484FF364F716}.Ad-Hoc|iPhone.Deploy.0 = Release|Any CPU
		{48866827-99FE-4829-98CC-484FF364F716}.Ad-Hoc|iPhoneSimulator.ActiveCfg = Release|Any CPU
		{48866827-99FE-4829-98CC-484FF364F716}.Ad-Hoc|iPhoneSimulator.Build.0 = Release|Any CPU
		{48866827-99FE-4829-98CC-484FF364F716}.Ad-Hoc|iPhoneSimulator.Deploy.0 = Release|Any CPU
		{48866827-99FE-4829-98CC-484FF364F716}.Ad-Hoc|Mixed Platforms.ActiveCfg = Release|Any CPU
		{48866827-99FE-4829-98CC-484FF364F716}.Ad-Hoc|Mixed Platforms.Build.0 = Release|Any CPU
		{48866827-99FE-4829-98CC-484FF364F716}.Ad-Hoc|Mixed Platforms.Deploy.0 = Release|Any CPU
		{48866827-99FE-4829-98CC-484FF364F716}.AppStore|Any CPU.ActiveCfg = Release|Any CPU
		{48866827-99FE-4829-98CC-484FF364F716}.AppStore|Any CPU.Build.0 = Release|Any CPU
		{48866827-99FE-4829-98CC-484FF364F716}.AppStore|Any CPU.Deploy.0 = Release|Any CPU
		{48866827-99FE-4829-98CC-484FF364F716}.AppStore|iPhone.ActiveCfg = Release|Any CPU
		{48866827-99FE-4829-98CC-484FF364F716}.AppStore|iPhone.Build.0 = Release|Any CPU
		{48866827-99FE-4829-98CC-484FF364F716}.AppStore|iPhone.Deploy.0 = Release|Any CPU
		{48866827-99FE-4829-98CC-484FF364F716}.AppStore|iPhoneSimulator.ActiveCfg = Release|Any CPU
		{48866827-99FE-4829-98CC-484FF364F716}.AppStore|iPhoneSimulator.Build.0 = Release|Any CPU
		{48866827-99FE-4829-98CC-484FF364F716}.AppStore|iPhoneSimulator.Deploy.0 = Release|Any CPU
		{48866827-99FE-4829-98CC-484FF364F716}.AppStore|Mixed Platforms.ActiveCfg = Release|Any CPU
		{48866827-99FE-4829-98CC-484FF364F716}.AppStore|Mixed Platforms.Build.0 = Release|Any CPU
		{48866827-99FE-4829-98CC-484FF364F716}.AppStore|Mixed Platforms.Deploy.0 = Release|Any CPU
		{48866827-99FE-4829-98CC-484FF364F716}.Debug|Any CPU.ActiveCfg = Debug|Any CPU
		{48866827-99FE-4829-98CC-484FF364F716}.Debug|Any CPU.Build.0 = Debug|Any CPU
		{48866827-99FE-4829-98CC-484FF364F716}.Debug|Any CPU.Deploy.0 = Debug|Any CPU
		{48866827-99FE-4829-98CC-484FF364F716}.Debug|iPhone.ActiveCfg = Debug|Any CPU
		{48866827-99FE-4829-98CC-484FF364F716}.Debug|iPhone.Build.0 = Debug|Any CPU
		{48866827-99FE-4829-98CC-484FF364F716}.Debug|iPhone.Deploy.0 = Debug|Any CPU
		{48866827-99FE-4829-98CC-484FF364F716}.Debug|iPhoneSimulator.ActiveCfg = Debug|Any CPU
		{48866827-99FE-4829-98CC-484FF364F716}.Debug|iPhoneSimulator.Build.0 = Debug|Any CPU
		{48866827-99FE-4829-98CC-484FF364F716}.Debug|iPhoneSimulator.Deploy.0 = Debug|Any CPU
		{48866827-99FE-4829-98CC-484FF364F716}.Debug|Mixed Platforms.ActiveCfg = Debug|Any CPU
		{48866827-99FE-4829-98CC-484FF364F716}.Debug|Mixed Platforms.Build.0 = Debug|Any CPU
		{48866827-99FE-4829-98CC-484FF364F716}.Debug|Mixed Platforms.Deploy.0 = Debug|Any CPU
		{48866827-99FE-4829-98CC-484FF364F716}.Release|Any CPU.ActiveCfg = Release|Any CPU
		{48866827-99FE-4829-98CC-484FF364F716}.Release|Any CPU.Build.0 = Release|Any CPU
		{48866827-99FE-4829-98CC-484FF364F716}.Release|Any CPU.Deploy.0 = Release|Any CPU
		{48866827-99FE-4829-98CC-484FF364F716}.Release|iPhone.ActiveCfg = Release|Any CPU
		{48866827-99FE-4829-98CC-484FF364F716}.Release|iPhone.Build.0 = Release|Any CPU
		{48866827-99FE-4829-98CC-484FF364F716}.Release|iPhone.Deploy.0 = Release|Any CPU
		{48866827-99FE-4829-98CC-484FF364F716}.Release|iPhoneSimulator.ActiveCfg = Release|Any CPU
		{48866827-99FE-4829-98CC-484FF364F716}.Release|iPhoneSimulator.Build.0 = Release|Any CPU
		{48866827-99FE-4829-98CC-484FF364F716}.Release|iPhoneSimulator.Deploy.0 = Release|Any CPU
		{48866827-99FE-4829-98CC-484FF364F716}.Release|Mixed Platforms.ActiveCfg = Release|Any CPU
		{48866827-99FE-4829-98CC-484FF364F716}.Release|Mixed Platforms.Build.0 = Release|Any CPU
		{48866827-99FE-4829-98CC-484FF364F716}.Release|Mixed Platforms.Deploy.0 = Release|Any CPU
		{D0889098-6440-4205-9874-AAE099F5C0A6}.Ad-Hoc|Any CPU.ActiveCfg = Release|Any CPU
		{D0889098-6440-4205-9874-AAE099F5C0A6}.Ad-Hoc|Any CPU.Build.0 = Release|Any CPU
		{D0889098-6440-4205-9874-AAE099F5C0A6}.Ad-Hoc|iPhone.ActiveCfg = Release|Any CPU
		{D0889098-6440-4205-9874-AAE099F5C0A6}.Ad-Hoc|iPhone.Build.0 = Release|Any CPU
		{D0889098-6440-4205-9874-AAE099F5C0A6}.Ad-Hoc|iPhoneSimulator.ActiveCfg = Release|Any CPU
		{D0889098-6440-4205-9874-AAE099F5C0A6}.Ad-Hoc|iPhoneSimulator.Build.0 = Release|Any CPU
		{D0889098-6440-4205-9874-AAE099F5C0A6}.Ad-Hoc|Mixed Platforms.ActiveCfg = Release|Any CPU
		{D0889098-6440-4205-9874-AAE099F5C0A6}.Ad-Hoc|Mixed Platforms.Build.0 = Release|Any CPU
		{D0889098-6440-4205-9874-AAE099F5C0A6}.AppStore|Any CPU.ActiveCfg = Release|Any CPU
		{D0889098-6440-4205-9874-AAE099F5C0A6}.AppStore|Any CPU.Build.0 = Release|Any CPU
		{D0889098-6440-4205-9874-AAE099F5C0A6}.AppStore|iPhone.ActiveCfg = Release|Any CPU
		{D0889098-6440-4205-9874-AAE099F5C0A6}.AppStore|iPhone.Build.0 = Release|Any CPU
		{D0889098-6440-4205-9874-AAE099F5C0A6}.AppStore|iPhoneSimulator.ActiveCfg = Release|Any CPU
		{D0889098-6440-4205-9874-AAE099F5C0A6}.AppStore|iPhoneSimulator.Build.0 = Release|Any CPU
		{D0889098-6440-4205-9874-AAE099F5C0A6}.AppStore|Mixed Platforms.ActiveCfg = Release|Any CPU
		{D0889098-6440-4205-9874-AAE099F5C0A6}.AppStore|Mixed Platforms.Build.0 = Release|Any CPU
		{D0889098-6440-4205-9874-AAE099F5C0A6}.Debug|Any CPU.ActiveCfg = Debug|Any CPU
		{D0889098-6440-4205-9874-AAE099F5C0A6}.Debug|Any CPU.Build.0 = Debug|Any CPU
		{D0889098-6440-4205-9874-AAE099F5C0A6}.Debug|iPhone.ActiveCfg = Debug|Any CPU
		{D0889098-6440-4205-9874-AAE099F5C0A6}.Debug|iPhone.Build.0 = Debug|Any CPU
		{D0889098-6440-4205-9874-AAE099F5C0A6}.Debug|iPhoneSimulator.ActiveCfg = Debug|Any CPU
		{D0889098-6440-4205-9874-AAE099F5C0A6}.Debug|iPhoneSimulator.Build.0 = Debug|Any CPU
		{D0889098-6440-4205-9874-AAE099F5C0A6}.Debug|Mixed Platforms.ActiveCfg = Debug|Any CPU
		{D0889098-6440-4205-9874-AAE099F5C0A6}.Debug|Mixed Platforms.Build.0 = Debug|Any CPU
		{D0889098-6440-4205-9874-AAE099F5C0A6}.Release|Any CPU.ActiveCfg = Release|Any CPU
		{D0889098-6440-4205-9874-AAE099F5C0A6}.Release|Any CPU.Build.0 = Release|Any CPU
		{D0889098-6440-4205-9874-AAE099F5C0A6}.Release|iPhone.ActiveCfg = Release|Any CPU
		{D0889098-6440-4205-9874-AAE099F5C0A6}.Release|iPhone.Build.0 = Release|Any CPU
		{D0889098-6440-4205-9874-AAE099F5C0A6}.Release|iPhoneSimulator.ActiveCfg = Release|Any CPU
		{D0889098-6440-4205-9874-AAE099F5C0A6}.Release|iPhoneSimulator.Build.0 = Release|Any CPU
		{D0889098-6440-4205-9874-AAE099F5C0A6}.Release|Mixed Platforms.ActiveCfg = Release|Any CPU
		{D0889098-6440-4205-9874-AAE099F5C0A6}.Release|Mixed Platforms.Build.0 = Release|Any CPU
		{8981E0A3-9247-47DE-9928-F8348AEA1E91}.Ad-Hoc|Any CPU.ActiveCfg = Release|Any CPU
		{8981E0A3-9247-47DE-9928-F8348AEA1E91}.Ad-Hoc|Any CPU.Build.0 = Release|Any CPU
		{8981E0A3-9247-47DE-9928-F8348AEA1E91}.Ad-Hoc|iPhone.ActiveCfg = Release|Any CPU
		{8981E0A3-9247-47DE-9928-F8348AEA1E91}.Ad-Hoc|iPhone.Build.0 = Release|Any CPU
		{8981E0A3-9247-47DE-9928-F8348AEA1E91}.Ad-Hoc|iPhoneSimulator.ActiveCfg = Release|Any CPU
		{8981E0A3-9247-47DE-9928-F8348AEA1E91}.Ad-Hoc|iPhoneSimulator.Build.0 = Release|Any CPU
		{8981E0A3-9247-47DE-9928-F8348AEA1E91}.Ad-Hoc|Mixed Platforms.ActiveCfg = Release|Any CPU
		{8981E0A3-9247-47DE-9928-F8348AEA1E91}.Ad-Hoc|Mixed Platforms.Build.0 = Release|Any CPU
		{8981E0A3-9247-47DE-9928-F8348AEA1E91}.AppStore|Any CPU.ActiveCfg = Release|Any CPU
		{8981E0A3-9247-47DE-9928-F8348AEA1E91}.AppStore|Any CPU.Build.0 = Release|Any CPU
		{8981E0A3-9247-47DE-9928-F8348AEA1E91}.AppStore|iPhone.ActiveCfg = Release|Any CPU
		{8981E0A3-9247-47DE-9928-F8348AEA1E91}.AppStore|iPhone.Build.0 = Release|Any CPU
		{8981E0A3-9247-47DE-9928-F8348AEA1E91}.AppStore|iPhoneSimulator.ActiveCfg = Release|Any CPU
		{8981E0A3-9247-47DE-9928-F8348AEA1E91}.AppStore|iPhoneSimulator.Build.0 = Release|Any CPU
		{8981E0A3-9247-47DE-9928-F8348AEA1E91}.AppStore|Mixed Platforms.ActiveCfg = Release|Any CPU
		{8981E0A3-9247-47DE-9928-F8348AEA1E91}.AppStore|Mixed Platforms.Build.0 = Release|Any CPU
		{8981E0A3-9247-47DE-9928-F8348AEA1E91}.Debug|Any CPU.ActiveCfg = Debug|Any CPU
		{8981E0A3-9247-47DE-9928-F8348AEA1E91}.Debug|Any CPU.Build.0 = Debug|Any CPU
		{8981E0A3-9247-47DE-9928-F8348AEA1E91}.Debug|iPhone.ActiveCfg = Debug|Any CPU
		{8981E0A3-9247-47DE-9928-F8348AEA1E91}.Debug|iPhone.Build.0 = Debug|Any CPU
		{8981E0A3-9247-47DE-9928-F8348AEA1E91}.Debug|iPhoneSimulator.ActiveCfg = Debug|Any CPU
		{8981E0A3-9247-47DE-9928-F8348AEA1E91}.Debug|iPhoneSimulator.Build.0 = Debug|Any CPU
		{8981E0A3-9247-47DE-9928-F8348AEA1E91}.Debug|Mixed Platforms.ActiveCfg = Debug|Any CPU
		{8981E0A3-9247-47DE-9928-F8348AEA1E91}.Debug|Mixed Platforms.Build.0 = Debug|Any CPU
		{8981E0A3-9247-47DE-9928-F8348AEA1E91}.Release|Any CPU.ActiveCfg = Release|Any CPU
		{8981E0A3-9247-47DE-9928-F8348AEA1E91}.Release|Any CPU.Build.0 = Release|Any CPU
		{8981E0A3-9247-47DE-9928-F8348AEA1E91}.Release|iPhone.ActiveCfg = Release|Any CPU
		{8981E0A3-9247-47DE-9928-F8348AEA1E91}.Release|iPhone.Build.0 = Release|Any CPU
		{8981E0A3-9247-47DE-9928-F8348AEA1E91}.Release|iPhoneSimulator.ActiveCfg = Release|Any CPU
		{8981E0A3-9247-47DE-9928-F8348AEA1E91}.Release|iPhoneSimulator.Build.0 = Release|Any CPU
		{8981E0A3-9247-47DE-9928-F8348AEA1E91}.Release|Mixed Platforms.ActiveCfg = Release|Any CPU
		{8981E0A3-9247-47DE-9928-F8348AEA1E91}.Release|Mixed Platforms.Build.0 = Release|Any CPU
		{01356225-14B3-4E6E-859A-527CDDD8E518}.Ad-Hoc|Any CPU.ActiveCfg = Debug|Any CPU
		{01356225-14B3-4E6E-859A-527CDDD8E518}.Ad-Hoc|Any CPU.Build.0 = Debug|Any CPU
		{01356225-14B3-4E6E-859A-527CDDD8E518}.Ad-Hoc|iPhone.ActiveCfg = Debug|Any CPU
		{01356225-14B3-4E6E-859A-527CDDD8E518}.Ad-Hoc|iPhone.Build.0 = Debug|Any CPU
		{01356225-14B3-4E6E-859A-527CDDD8E518}.Ad-Hoc|iPhoneSimulator.ActiveCfg = Debug|Any CPU
		{01356225-14B3-4E6E-859A-527CDDD8E518}.Ad-Hoc|iPhoneSimulator.Build.0 = Debug|Any CPU
		{01356225-14B3-4E6E-859A-527CDDD8E518}.Ad-Hoc|Mixed Platforms.ActiveCfg = Debug|Any CPU
		{01356225-14B3-4E6E-859A-527CDDD8E518}.Ad-Hoc|Mixed Platforms.Build.0 = Debug|Any CPU
		{01356225-14B3-4E6E-859A-527CDDD8E518}.AppStore|Any CPU.ActiveCfg = Debug|Any CPU
		{01356225-14B3-4E6E-859A-527CDDD8E518}.AppStore|Any CPU.Build.0 = Debug|Any CPU
		{01356225-14B3-4E6E-859A-527CDDD8E518}.AppStore|iPhone.ActiveCfg = Debug|Any CPU
		{01356225-14B3-4E6E-859A-527CDDD8E518}.AppStore|iPhone.Build.0 = Debug|Any CPU
		{01356225-14B3-4E6E-859A-527CDDD8E518}.AppStore|iPhoneSimulator.ActiveCfg = Debug|Any CPU
		{01356225-14B3-4E6E-859A-527CDDD8E518}.AppStore|iPhoneSimulator.Build.0 = Debug|Any CPU
		{01356225-14B3-4E6E-859A-527CDDD8E518}.AppStore|Mixed Platforms.ActiveCfg = Debug|Any CPU
		{01356225-14B3-4E6E-859A-527CDDD8E518}.AppStore|Mixed Platforms.Build.0 = Debug|Any CPU
		{01356225-14B3-4E6E-859A-527CDDD8E518}.Debug|Any CPU.ActiveCfg = Debug|Any CPU
		{01356225-14B3-4E6E-859A-527CDDD8E518}.Debug|Any CPU.Build.0 = Debug|Any CPU
		{01356225-14B3-4E6E-859A-527CDDD8E518}.Debug|iPhone.ActiveCfg = Debug|Any CPU
		{01356225-14B3-4E6E-859A-527CDDD8E518}.Debug|iPhone.Build.0 = Debug|Any CPU
		{01356225-14B3-4E6E-859A-527CDDD8E518}.Debug|iPhoneSimulator.ActiveCfg = Debug|Any CPU
		{01356225-14B3-4E6E-859A-527CDDD8E518}.Debug|iPhoneSimulator.Build.0 = Debug|Any CPU
		{01356225-14B3-4E6E-859A-527CDDD8E518}.Debug|Mixed Platforms.ActiveCfg = Debug|Any CPU
		{01356225-14B3-4E6E-859A-527CDDD8E518}.Debug|Mixed Platforms.Build.0 = Debug|Any CPU
		{01356225-14B3-4E6E-859A-527CDDD8E518}.Release|Any CPU.ActiveCfg = Release|Any CPU
		{01356225-14B3-4E6E-859A-527CDDD8E518}.Release|Any CPU.Build.0 = Release|Any CPU
		{01356225-14B3-4E6E-859A-527CDDD8E518}.Release|iPhone.ActiveCfg = Release|Any CPU
		{01356225-14B3-4E6E-859A-527CDDD8E518}.Release|iPhone.Build.0 = Release|Any CPU
		{01356225-14B3-4E6E-859A-527CDDD8E518}.Release|iPhoneSimulator.ActiveCfg = Release|Any CPU
		{01356225-14B3-4E6E-859A-527CDDD8E518}.Release|iPhoneSimulator.Build.0 = Release|Any CPU
		{01356225-14B3-4E6E-859A-527CDDD8E518}.Release|Mixed Platforms.ActiveCfg = Release|Any CPU
		{01356225-14B3-4E6E-859A-527CDDD8E518}.Release|Mixed Platforms.Build.0 = Release|Any CPU
	EndGlobalSection
	GlobalSection(SolutionProperties) = preSolution
		HideSolutionNode = FALSE
	EndGlobalSection
	GlobalSection(NestedProjects) = preSolution
		{D0889098-6440-4205-9874-AAE099F5C0A6} = {C327F07F-6E0E-45D5-9A0D-5BF50D33A82B}
		{8981E0A3-9247-47DE-9928-F8348AEA1E91} = {C327F07F-6E0E-45D5-9A0D-5BF50D33A82B}
	EndGlobalSection
	GlobalSection(ExtensibilityGlobals) = postSolution
		SolutionGuid = {7AE5CDF0-FB8D-4B10-89E6-CFA1E625BACD}
	EndGlobalSection
EndGlobal
